# This file is autogenerated, do not edit; changes may be undone by the next 'dep ensure'.


[[projects]]
  digest = "1:1cf61f0228e64d1bfddaa42bfd1f5047ed3626925b9bea69bbcb9168472dae23"
  name = "github.com/cenkalti/backoff"
  packages = ["."]
  pruneopts = ""
  revision = "61153c768f31ee5f130071d08fc82b85208528de"
  version = "v1.1.0"

[[projects]]
  digest = "1:8495649476b2da658de5f993fa2758f342114ce057b6c559d26cf380447eaed8"
  name = "github.com/coreos/go-semver"
  packages = ["semver"]
  pruneopts = ""
  revision = "e214231b295a8ea9479f11b70b35d5acf3556d9b"

[[projects]]
  digest = "1:b22880d2e72b84a64cc96db7e541bbf0a109f176375aea44eeb40b1f5c20d4b5"
  name = "github.com/creack/goselect"
  packages = ["."]
  pruneopts = ""
  revision = "f0c0d6863fbc64e624a609fafff94db2281647cd"
  version = "v0.1.2"

[[projects]]
  digest = "1:b4ea842b8118fa30a97605815a07f2126863087d4232cf5678dbd4da77ce4992"
  name = "github.com/cskr/pubsub"
  packages = ["."]
  pruneopts = ""
  revision = "65166f5ae403cbf6dcdced31e1f8f8ad95485cb3"
  version = "v1.0.2"

[[projects]]
  digest = "1:dd27cd52e554ee6f111ced8efe09ab20c10a4ee26283e5d7a907bed87fcdb06d"
  name = "github.com/denisbrodbeck/machineid"
  packages = ["."]
  pruneopts = ""
  revision = "e2e48f90c87f1f77286682531a46ff99e95d8089"
  version = "v1.0.0"

[[projects]]
  digest = "1:814d12a1496ba929378f290258b1d4175c6460dcf46dd341ca0871d47238212a"
  name = "github.com/ebfe/scard"
  packages = ["."]
  pruneopts = ""
  revision = "c3d1b1916a9547038c82830d7e99fa36b85a2682"

[[projects]]
  digest = "1:e2766c5ca6578e62dfd0dca4eb40d4e3470c52a92abdf8f66e57d79f4d13ef5f"
  name = "github.com/gorilla/websocket"
  packages = ["."]
  pruneopts = ""
  revision = "3ff3320c2a1756a3691521efc290b4701575147c"
  version = "v1.3.0"

[[projects]]
  digest = "1:b152e3905144b9f3952359bccc1f07e5fde184918e5b8ebfb5e48a2bf0f35715"
  name = "github.com/grandcat/zeroconf"
  packages = ["."]
  pruneopts = ""
  revision = "c2d1b4121200e6bf8490af806aa6f3dc6d37446b"

[[projects]]
  digest = "1:32c49a8cbcb20989c4fc0825f792cb1ea079af601c11b5ed0a92a48433171db3"
  name = "github.com/inconshreveable/go-update"
  packages = [
    ".",
    "internal/binarydist",
    "internal/osext",
  ]
  pruneopts = ""
  revision = "8152e7eb6ccf8679a64582a66b78519688d156ad"

[[projects]]
  digest = "1:b498ceccf0d2efa0af877b1dda20d3742ef9ff7475123e8e922016f0b737069b"
  name = "github.com/kardianos/service"
  packages = ["."]
  pruneopts = ""
  revision = "56787a3ea05e9b262708192e7ce3b500aba73561"
  version = "v1.0.0"

[[projects]]
  digest = "1:5db69e0e55ac416a2dd0863c2b08bde4453cb21003211da6f310da41ca3661c7"
  name = "github.com/miekg/dns"
  packages = ["."]
  pruneopts = ""
  revision = "9884b9f4461219fe2640616077a9fb1fcb5a2124"
  version = "v1.1.40"

[[projects]]
  digest = "1:29ec66aa13cb93e48d8f8506002f23001e76b7b5c96b30d7e58c40208bb1497d"
  name = "github.com/pin/tftp"
  packages = [
    ".",
    "netascii",
  ]
  pruneopts = ""
  revision = "5d40004dd1982bf3cca8dde29fee6d187d942e63"

[[projects]]
  digest = "1:3fcbf733a8d810a21265a7f2fe08a3353db2407da052b233f8b204b5afc03d9b"
  name = "github.com/sirupsen/logrus"
  packages = ["."]
  pruneopts = ""
  revision = "3e01752db0189b9157070a0e1668a620f9a85da2"
  version = "v1.0.6"

[[projects]]
  digest = "1:76a91301349f62d563ca006d7719bde8850bff475bfdcbbef1ca458fe4e5ae42"
  name = "github.com/streadway/amqp"
  packages = ["."]
  pruneopts = ""
  revision = "884228600bc96c993ab12fb81ba78bf0c280e88a"

[[projects]]
  digest = "1:6d6e66e78f7bf78c0b9655b8696c1c996c4b9a2edfe96d7ad6325d4d4725160c"
  name = "go.bug.st/serial"
  packages = [
    ".",
    "unixutils",
  ]
  pruneopts = ""
  revision = "388e79306304ba8dee7df7ed971e0d12a7c57ca9"
  version = "v1.1.3"

[[projects]]
  branch = "master"
  digest = "1:7a5d6bb15ac812fb9a875d4af643da0909e74a56148124511eb782ec848286cc"
  name = "golang.org/x/crypto"
  packages = [
    "ed25519",
    "ed25519/internal/edwards25519",
    "ssh/terminal",
  ]
  pruneopts = ""
  revision = "5ea612d1eb830b38bc4e914e37f55311eb58adce"

[[projects]]
  digest = "1:d6772bc0ea7b951c26a690a8f162588eb6da26328b4aaf7398a0247f09d1dede"
  name = "golang.org/x/mod"
  packages = ["semver"]
  pruneopts = ""
  revision = "6ce8bb3f08e0e47592fe93e007071d86dcf214bb"
  version = "v0.4.1"

[[projects]]
  branch = "master"
  digest = "1:9a7bfb059471bb856114b1cf5ec7810a09387f41e7f5381d7e9e62100bd9a317"
  name = "golang.org/x/net"
  packages = [
    "bpf",
    "context",
    "internal/iana",
    "internal/socket",
    "ipv4",
    "ipv6",
  ]
  pruneopts = ""
  revision = "e18ecbb051101a46fc263334b127c89bc7bff7ea"

[[projects]]
  branch = "master"
  digest = "1:a736268f2fd035992c85768bde2ac164804b53ddf8757d96fc7e9dac9cf9eca4"
  name = "golang.org/x/sys"
  packages = [
    "execabs",
    "internal/unsafeheader",
    "plan9",
    "unix",
    "windows",
    "windows/registry",
    "windows/svc",
    "windows/svc/eventlog",
    "windows/svc/mgr",
  ]
  pruneopts = ""
  revision = "b0d1d43c014ddb3da33b73f355a28f7b5bb0cb79"

[[projects]]
  branch = "master"
  digest = "1:a67aa4df296910aef0b97509d88b4a962e42624a2f2101c21c5674275844edf8"
  name = "golang.org/x/term"
  packages = ["."]
  pruneopts = ""
  revision = "6a3ed077a48de71621ad530f9078fffa0bc0ce32"

[[projects]]
  digest = "1:dfc8eb0346c4d8e0e32e26c906bf35edd8365a2bd441a2ac17f0d22579f433c8"
  name = "golang.org/x/tools"
  packages = [
    "go/ast/astutil",
    "go/gcexportdata",
    "go/internal/gcimporter",
    "go/internal/packagesdriver",
    "go/packages",
    "go/types/typeutil",
    "internal/event",
    "internal/event/core",
    "internal/event/keys",
    "internal/event/label",
    "internal/gocommand",
    "internal/packagesinternal",
    "internal/typesinternal",
  ]
  pruneopts = ""
  revision = "fe37c9e135b934191089b245ac29325091462508"
  version = "v0.1.0"

[[projects]]
  branch = "master"
  digest = "1:a5a7a1a9560c0eb1f8b32c40da2e71bd2a05b9ff9e1ea294461c7dbe0d24c6bc"
  name = "golang.org/x/xerrors"
  packages = [
    ".",
    "internal",
  ]
  pruneopts = ""
  revision = "5ec99f83aff198f5fbd629d6c8d8eb38a04218ca"

[solve-meta]
  analyzer-name = "dep"
  analyzer-version = 1
  input-imports = [
    "github.com/cenkalti/backoff",
    "github.com/coreos/go-semver/semver",
    "github.com/cskr/pubsub",
    "github.com/denisbrodbeck/machineid",
    "github.com/ebfe/scard",
    "github.com/gorilla/websocket",
    "github.com/grandcat/zeroconf",
    "github.com/inconshreveable/go-update",
    "github.com/kardianos/service",
    "github.com/pin/tftp",
    "github.com/sirupsen/logrus",
    "github.com/streadway/amqp",
    "go.bug.st/serial",
  ]
  solver-name = "gps-cdcl"
  solver-version = 1
