# This file is autogenerated, do not edit; changes may be undone by the next 'dep ensure'.


[[projects]]
  name = "github.com/cenkalti/backoff"
  packages = ["."]
  revision = "61153c768f31ee5f130071d08fc82b85208528de"
  version = "v1.1.0"

[[projects]]
  name = "github.com/coreos/go-semver"
  packages = ["semver"]
  revision = "1817cd4bea52af76542157eeabd74b057d1a199e"

[[projects]]
  branch = "master"
  name = "github.com/cskr/pubsub"
  packages = ["."]
  revision = "d0cbfe51c9165ee318238cab8ba70ff068245502"

[[projects]]
  name = "github.com/denisbrodbeck/machineid"
  packages = ["."]
  revision = "e59b4a9b1b28de48436e47104472050658bacfcf"

[[projects]]
  name = "github.com/gorilla/websocket"
  packages = ["."]
  revision = "ea4d1f681babbce9545c9c5f3d5194a789c89f5b"
  version = "v1.2.0"

[[projects]]
  name = "github.com/grandcat/zeroconf"
  packages = ["."]
  revision = "2f133dcabb8c1dc0e63ec6bb9e2c405179db3033"

[[projects]]
  branch = "master"
  name = "github.com/inconshreveable/go-update"
  packages = [".","internal/binarydist","internal/osext"]
  revision = "8152e7eb6ccf8679a64582a66b78519688d156ad"

[[projects]]
  branch = "master"
  name = "github.com/kardianos/osext"
  packages = ["."]
  revision = "ae77be60afb1dcacde03767a8c37337fad28ac14"

[[projects]]
  name = "github.com/kardianos/service"
  packages = ["."]
  revision = "14a49b39b37b67e7c4d0f9df86ff005c55e539ff"

[[projects]]
  name = "github.com/miekg/dns"
  packages = [".","internal/socket"]
  revision = "a5852667e3c36e2e0b0a69ab43869e00e95aacdf"

[[projects]]
  name = "github.com/sirupsen/logrus"
  packages = ["."]
  revision = "d682213848ed68c0a260ca37d6dd5ace8423f5ba"
  version = "v1.0.4"

[[projects]]
  name = "github.com/streadway/amqp"
  packages = ["."]
  revision = "ff34ec9cc65c2a23db5126d962c431018f65af59"

[[projects]]
  name = "golang.org/x/crypto"
  packages = ["ssh/terminal"]
  revision = "2509b142fb2b797aa7587dad548f113b2c0f20ce"

[[projects]]
  name = "golang.org/x/net"
  packages = ["bpf","context","internal/iana","internal/socket","ipv4","ipv6"]
  revision = "c73622c77280266305273cb545f54516ced95b93"

[[projects]]
  name = "golang.org/x/sys"
  packages = ["unix","windows","windows/registry","windows/svc","windows/svc/eventlog","windows/svc/mgr"]
  revision = "314a259e304ff91bd6985da2a7149bbf91237993"

[solve-meta]
  analyzer-name = "dep"
  analyzer-version = 1
  inputs-digest = "f1c61b7e24fbd789c4cad8cff16d1fbafc6d16095d36784ecc8d34dbcb9883f7"
  solver-name = "gps-cdcl"
  solver-version = 1
