{
  "name": "mock-senso",
  "version": "1.0.0",
  "lockfileVersion": 3,
  "requires": true,
  "packages": {
    "": {
      "name": "mock-senso",
      "version": "1.0.0",
      "license": "MIT",
      "dependencies": {
        "@types/binary-split": "^1.0.3",
        "@types/node": "^20.12.2",
        "@types/ws": "^8.5.10",
        "binary-split": "^1.0.5",
        "commander": "^12.0.0",
        "ws": "^8.16.0"
      }
    },
    "node_modules/@types/binary-split": {
      "version": "1.0.3",
      "resolved": "https://registry.npmjs.org/@types/binary-split/-/binary-split-1.0.3.tgz",
      "integrity": "sha512-g0yOX8j/wORDJoRDic1Mc8O8LgkAZed2Yjxx1GVynPkHJfIKKDY+vEjT33JHXJ19pHQgrcgq56mC779j2Axh6g==",
      "dependencies": {
        "@types/node": "*"
      }
    },
    "node_modules/@types/node": {
      "version": "20.12.2",
      "resolved": "https://registry.npmjs.org/@types/node/-/node-20.12.2.tgz",
      "integrity": "sha512-zQ0NYO87hyN6Xrclcqp7f8ZbXNbRfoGWNcMvHTPQp9UUrwI0mI7XBz+cu7/W6/VClYo2g63B0cjull/srU7LgQ==",
      "dependencies": {
        "undici-types": "~5.26.4"
      }
    },
    "node_modules/@types/ws": {
      "version": "8.5.10",
      "resolved": "https://registry.npmjs.org/@types/ws/-/ws-8.5.10.tgz",
      "integrity": "sha512-vmQSUcfalpIq0R9q7uTo2lXs6eGIpt9wtnLdMv9LVpIjCA/+ufZRozlVoVelIYixx1ugCBKDhn89vnsEGOCx9A==",
      "dependencies": {
        "@types/node": "*"
      }
    },
    "node_modules/binary-split": {
      "version": "1.0.5",
      "resolved": "https://registry.npmjs.org/binary-split/-/binary-split-1.0.5.tgz",
      "integrity": "sha512-AQ5fcBrUU5hoIafkEvNKqxT+2xbqlSqAXef6IdCQr5wpHu9E7NGM6rTAlYJYbtxvAvjfx8nJkBy6rNlbPPI+Pw==",
      "dependencies": {
        "through2": "^2.0.3"
      }
    },
    "node_modules/commander": {
      "version": "12.0.0",
      "resolved": "https://registry.npmjs.org/commander/-/commander-12.0.0.tgz",
      "integrity": "sha512-MwVNWlYjDTtOjX5PiD7o5pK0UrFU/OYgcJfjjK4RaHZETNtjJqrZa9Y9ds88+A+f+d5lv+561eZ+yCKoS3gbAA==",
      "engines": {
        "node": ">=18"
      }
    },
    "node_modules/core-util-is": {
      "version": "1.0.3",
      "resolved": "https://registry.npmjs.org/core-util-is/-/core-util-is-1.0.3.tgz",
      "integrity": "sha512-ZQBvi1DcpJ4GDqanjucZ2Hj3wEO5pZDS89BWbkcrvdxksJorwUDDZamX9ldFkp9aw2lmBDLgkObEA4DWNJ9FYQ=="
    },
    "node_modules/inherits": {
      "version": "2.0.4",
      "resolved": "https://registry.npmjs.org/inherits/-/inherits-2.0.4.tgz",
      "integrity": "sha512-k/vGaX4/Yla3WzyMCvTQOXYeIHvqOKtnqBduzTHpzpQZzAskKMhZ2K+EnBiSM9zGSoIFeMpXKxa4dYeZIQqewQ=="
    },
    "node_modules/isarray": {
      "version": "1.0.0",
      "resolved": "https://registry.npmjs.org/isarray/-/isarray-1.0.0.tgz",
      "integrity": "sha512-VLghIWNM6ELQzo7zwmcg0NmTVyWKYjvIeM83yjp0wRDTmUnrM678fQbcKBo6n2CJEF0szoG//ytg+TKla89ALQ=="
    },
    "node_modules/process-nextick-args": {
      "version": "2.0.1",
      "resolved": "https://registry.npmjs.org/process-nextick-args/-/process-nextick-args-2.0.1.tgz",
      "integrity": "sha512-3ouUOpQhtgrbOa17J7+uxOTpITYWaGP7/AhoR3+A+/1e9skrzelGi/dXzEYyvbxubEF6Wn2ypscTKiKJFFn1ag=="
    },
    "node_modules/readable-stream": {
      "version": "2.3.8",
      "resolved": "https://registry.npmjs.org/readable-stream/-/readable-stream-2.3.8.tgz",
      "integrity": "sha512-8p0AUk4XODgIewSi0l8Epjs+EVnWiK7NoDIEGU0HhE7+ZyY8D1IMY7odu5lRrFXGg71L15KG8QrPmum45RTtdA==",
      "dependencies": {
        "core-util-is": "~1.0.0",
        "inherits": "~2.0.3",
        "isarray": "~1.0.0",
        "process-nextick-args": "~2.0.0",
        "safe-buffer": "~5.1.1",
        "string_decoder": "~1.1.1",
        "util-deprecate": "~1.0.1"
      }
    },
    "node_modules/safe-buffer": {
      "version": "5.1.2",
      "resolved": "https://registry.npmjs.org/safe-buffer/-/safe-buffer-5.1.2.tgz",
      "integrity": "sha512-Gd2UZBJDkXlY7GbJxfsE8/nvKkUEU1G38c1siN6QP6a9PT9MmHB8GnpscSmMJSoF8LOIrt8ud/wPtojys4G6+g=="
    },
    "node_modules/string_decoder": {
      "version": "1.1.1",
      "resolved": "https://registry.npmjs.org/string_decoder/-/string_decoder-1.1.1.tgz",
      "integrity": "sha512-n/ShnvDi6FHbbVfviro+WojiFzv+s8MPMHBczVePfUpDJLwoLT0ht1l4YwBCbi8pJAveEEdnkHyPyTP/mzRfwg==",
      "dependencies": {
        "safe-buffer": "~5.1.0"
      }
    },
    "node_modules/through2": {
      "version": "2.0.5",
      "resolved": "https://registry.npmjs.org/through2/-/through2-2.0.5.tgz",
      "integrity": "sha512-/mrRod8xqpA+IHSLyGCQ2s8SPHiCDEeQJSep1jqLYeEUClOFG2Qsh+4FU6G9VeqpZnGW/Su8LQGc4YKni5rYSQ==",
      "dependencies": {
        "readable-stream": "~2.3.6",
        "xtend": "~4.0.1"
      }
    },
    "node_modules/undici-types": {
      "version": "5.26.5",
      "resolved": "https://registry.npmjs.org/undici-types/-/undici-types-5.26.5.tgz",
      "integrity": "sha512-JlCMO+ehdEIKqlFxk6IfVoAUVmgz7cU7zD/h9XZ0qzeosSHmUJVOzSQvvYSYWXkFXC+IfLKSIffhv0sVZup6pA=="
    },
    "node_modules/util-deprecate": {
      "version": "1.0.2",
      "resolved": "https://registry.npmjs.org/util-deprecate/-/util-deprecate-1.0.2.tgz",
      "integrity": "sha512-EPD5q1uXyFxJpCrLnCc1nHnq3gOa6DZBocAIiI2TaSCA7VCJ1UJDMagCzIkXNsUYfD1daK//LTEQ8xiIbrHtcw=="
    },
    "node_modules/ws": {
      "version": "8.16.0",
      "resolved": "https://registry.npmjs.org/ws/-/ws-8.16.0.tgz",
      "integrity": "sha512-HS0c//TP7Ina87TfiPUz1rQzMhHrl/SG2guqRcTOIUYD2q8uhUdNHZYJUaQ8aTGPzCh+c6oawMKW35nFl1dxyQ==",
      "engines": {
        "node": ">=10.0.0"
      },
      "peerDependencies": {
        "bufferutil": "^4.0.1",
        "utf-8-validate": ">=5.0.2"
      },
      "peerDependenciesMeta": {
        "bufferutil": {
          "optional": true
        },
        "utf-8-validate": {
          "optional": true
        }
      }
    },
    "node_modules/xtend": {
      "version": "4.0.2",
      "resolved": "https://registry.npmjs.org/xtend/-/xtend-4.0.2.tgz",
      "integrity": "sha512-LKYU1iAXJXUgAXn9URjiu+MWhyUXHsvfp7mcuYm9dSUKK0/CjtrUwFAxD82/mCWbtLsGjFIad0wIsod4zrTAEQ==",
      "engines": {
        "node": ">=0.4"
      }
    }
  }
}
